
Microsoft Visual Studio Solution File, Format Version 12.00
# Visual Studio 15
VisualStudioVersion = 15.0.26430.16
MinimumVisualStudioVersion = 10.0.40219.1
Project("{FAE04EC0-301F-11D3-BF4B-00C04F79EFBC}") = "Uvodni", "ConsoleApp1\Uvodni.csproj", "{31F30331-D9D7-4529-9C4C-B096F2654F21}"
EndProject
Project("{FAE04EC0-301F-11D3-BF4B-00C04F79EFBC}") = "Zbroj", "Zbroj\Zbroj.csproj", "{C72F648D-610F-4C09-90AE-BB2DD90A29D2}"
EndProject
Project("{2150E333-8FDC-42A3-9474-1A3956D46DE8}") = "4.1_Uvod", "4.1_Uvod", "{1CD019B1-6628-4F9D-BE13-AA15FA2AD934}"
EndProject
Project("{FAE04EC0-301F-11D3-BF4B-00C04F79EFBC}") = "Hello", "Hello\Hello.csproj", "{D57B4D9F-C756-4E84-951D-2D56EDE879A7}"
EndProject
Project("{FAE04EC0-301F-11D3-BF4B-00C04F79EFBC}") = "IspisBrojeva", "IspisBrojeva\IspisBrojeva.csproj", "{0CA433EB-B30D-4A93-8401-EC2C8A5BE104}"
EndProject
Project("{2150E333-8FDC-42A3-9474-1A3956D46DE8}") = "5.1_varijable", "5.1_varijable", "{D4D349EF-58D4-4E04-88A2-35FFA5D2EABC}"
EndProject
Project("{FAE04EC0-301F-11D3-BF4B-00C04F79EFBC}") = "zbroj_razlika", "zbroj_razlika\zbroj_razlika.csproj", "{04799DD3-720C-4707-947F-C35FEB76F557}"
EndProject
Project("{2150E333-8FDC-42A3-9474-1A3956D46DE8}") = "5.2_Uvjetno_grananje", "5.2_Uvjetno_grananje", "{19D29F78-F7F0-4D00-8791-9EDF91AE03A6}"
EndProject
Project("{FAE04EC0-301F-11D3-BF4B-00C04F79EFBC}") = "if_primjer", "if_primjer\if_primjer.csproj", "{B115C56C-759C-4FE8-B30A-B5550F650228}"
EndProject
Project("{FAE04EC0-301F-11D3-BF4B-00C04F79EFBC}") = "primjer_5.2.1.2_pozitivan", "primjer_5.2.1.2_pozitivan\primjer_5.2.1.2_pozitivan.csproj", "{FA8A60FB-8C81-4682-8051-5777C41C9AF6}"
EndProject
Project("{FAE04EC0-301F-11D3-BF4B-00C04F79EFBC}") = "primjer_5.2.2.switch", "primjer_5.2.2.switch\primjer_5.2.2.switch.csproj", "{1C42CD6A-A00C-47DC-A9CE-D95B5EEE825F}"
EndProject
Project("{FAE04EC0-301F-11D3-BF4B-00C04F79EFBC}") = "5.2.3.exceptio_primjer", "5.2.3.exceptio_primjer\5.2.3.exceptio_primjer.csproj", "{F452E0A6-FCB3-4519-9F1B-F4E60F7081EB}"
EndProject
Project("{FAE04EC0-301F-11D3-BF4B-00C04F79EFBC}") = "Uvodna", "ConsoleApp1\Uvodna.csproj", "{D5C30626-89A6-4428-B0F6-835D6C459AD7}"
EndProject
Project("{FAE04EC0-301F-11D3-BF4B-00C04F79EFBC}") = "Zbroj", "ConsoleApp2\Zbroj.csproj", "{D6A558C4-161E-4383-9CBC-2C71C8BE2F09}"
EndProject
Project("{FAE04EC0-301F-11D3-BF4B-00C04F79EFBC}") = "Prva", "ConsoleApp3\Prva.csproj", "{B75E5CCA-8FF6-4849-BE1B-CF5D0D054965}"
EndProject
Project("{FAE04EC0-301F-11D3-BF4B-00C04F79EFBC}") = "Hello", "ConsoleApp4\Hello.csproj", "{23ACD08E-F202-414A-9DE9-55F556F2A671}"
EndProject
Project("{FAE04EC0-301F-11D3-BF4B-00C04F79EFBC}") = "Brojevi", "ConsoleApp5\Brojevi.csproj", "{F7979955-B965-4E9D-80D6-7FCA99FBA043}"
EndProject
Project("{FAE04EC0-301F-11D3-BF4B-00C04F79EFBC}") = "Voda", "ConsoleApp6\Voda.csproj", "{FFA3E48E-88AB-4C6D-AD62-182CC77A72C4}"
EndProject
Project("{2150E333-8FDC-42A3-9474-1A3956D46DE8}") = "5.1_Varijable", "5.1_Varijable", "{FA7C3213-BFD9-43DD-801F-4C8F21488354}"
EndProject
Project("{2150E333-8FDC-42A3-9474-1A3956D46DE8}") = "4.1_Uvod", "4.1_Uvod", "{E532BE19-BEA2-4764-95DC-2172EB40890C}"
EndProject
Project("{2150E333-8FDC-42A3-9474-1A3956D46DE8}") = "5.3_ciklicke_petlje", "5.3_ciklicke_petlje", "{7F7462F2-52A7-4991-A5E1-C26346D17662}"
EndProject
Project("{FAE04EC0-301F-11D3-BF4B-00C04F79EFBC}") = "primjer_5.2.4.2_pozdrav", "ConsoleApp7\primjer_5.2.4.2_pozdrav.csproj", "{21337B8E-DBF4-4375-B506-990CF31AECB8}"
EndProject
Project("{FAE04EC0-301F-11D3-BF4B-00C04F79EFBC}") = "primjer_5.2.4.3_škola", "ConsoleApp8\primjer_5.2.4.3_škola.csproj", "{D903D0AA-30E8-4741-BD96-128071AF42E8}"
EndProject
Project("{FAE04EC0-301F-11D3-BF4B-00C04F79EFBC}") = "primjer_5.2.5_paran ili neparan", "primjer_5.2.5_paran ili neparan\primjer_5.2.5_paran ili neparan.csproj", "{82B4645F-F6F1-42DC-8CD6-0C894FEA05F1}"
EndProject
Project("{2150E333-8FDC-42A3-9474-1A3956D46DE8}") = "Zbirka", "Zbirka", "{9BBB49AD-ACC6-4041-AEA2-A30675D53093}"
EndProject
Project("{FAE04EC0-301F-11D3-BF4B-00C04F79EFBC}") = "zadatak_5.2.1_pozitivan_ili_negativan_broj", "ConsoleApp9\zadatak_5.2.1_pozitivan_ili_negativan_broj.csproj", "{E801EA30-D17D-4145-8C04-719EAADE37F8}"
EndProject
Project("{FAE04EC0-301F-11D3-BF4B-00C04F79EFBC}") = "zadatak_5.2.2_kalkulator", "ConsoleApp10\zadatak_5.2.2_kalkulator.csproj", "{6B5D1F5B-2E69-4C98-B615-DE74500B0242}"
EndProject
Project("{FAE04EC0-301F-11D3-BF4B-00C04F79EFBC}") = "zadatak 5.2.3 velik broj", "zadatak 5.2,3 vlik broj\zadatak 5.2.3 velik broj.csproj", "{D4B00EDD-8255-4049-8913-75F280C9D970}"
EndProject
Project("{FAE04EC0-301F-11D3-BF4B-00C04F79EFBC}") = "zadatak 5.2.4 X-Znamenkasti broj", "zadatak 5.2.4 X-Znamenkasti broj\zadatak 5.2.4 X-Znamenkasti broj.csproj", "{8E6068F0-351D-4501-A376-3EE0895D1580}"
EndProject
Project("{FAE04EC0-301F-11D3-BF4B-00C04F79EFBC}") = "zadatak 5.2.5 u intervalu", "ConsoleApp11\zadatak 5.2.5 u intervalu.csproj", "{D5EFEE48-5A66-437D-9B6E-59BBE2113F90}"
EndProject
Project("{FAE04EC0-301F-11D3-BF4B-00C04F79EFBC}") = "zadatak 5.2.6 dobar broj 1", "ConsoleApp12\zadatak 5.2.6 dobar broj 1.csproj", "{AE4A2573-F7D0-4C64-85B9-A6575D423890}"
EndProject
Project("{FAE04EC0-301F-11D3-BF4B-00C04F79EFBC}") = "zadatak 5.2.7 dobar broj 2", "ConsoleApp13\zadatak 5.2.7 dobar broj 2.csproj", "{63EC6ECC-95CB-4807-8E54-473D458FCD37}"
EndProject
Project("{FAE04EC0-301F-11D3-BF4B-00C04F79EFBC}") = "zadatak 5.2.8 prijestupna godina", "zadatak 5.2.8 prijestupna godina\zadatak 5.2.8 prijestupna godina.csproj", "{1CEBFE67-8975-4A35-B1D8-472BFE3ADF64}"
EndProject
Project("{FAE04EC0-301F-11D3-BF4B-00C04F79EFBC}") = "zadatak 5.2.9 cjelobrojno djeljenje", "zadatak 5.2.9 cjelobrojno djeljenje\zadatak 5.2.9 cjelobrojno djeljenje.csproj", "{B797CD5F-E7A5-4E75-BD6B-4B87FFF79A4A}"
EndProject
Project("{FAE04EC0-301F-11D3-BF4B-00C04F79EFBC}") = "Petlje primjeri", "ConsoleApp14\Petlje primjeri.csproj", "{60F31B9B-D754-4990-8301-BC6354454830}"
EndProject
Project("{FAE04EC0-301F-11D3-BF4B-00C04F79EFBC}") = "primjer 5.3.1.1", "primjer 5.3.1.1\primjer 5.3.1.1.csproj", "{05DBDDD1-A8A5-4D09-9025-AA655FC00CC3}"
EndProject
Project("{FAE04EC0-301F-11D3-BF4B-00C04F79EFBC}") = "Primjeri While", "ConsoleApp15\Primjeri While.csproj", "{2B047386-B574-48A7-9306-39FF6A20E868}"
EndProject
Project("{2150E333-8FDC-42A3-9474-1A3956D46DE8}") = "Zbirka", "Zbirka", "{4994BA45-2518-47AB-9C2D-876C11EB7359}"
EndProject
Project("{FAE04EC0-301F-11D3-BF4B-00C04F79EFBC}") = "zadatak 5.3.1 neparni do 20", "zadatak 5.3.1 neparni do 20\zadatak 5.3.1 neparni do 20.csproj", "{11075948-A8E2-466F-8119-34C79069B138}"
EndProject
Project("{FAE04EC0-301F-11D3-BF4B-00C04F79EFBC}") = "zadatak 5.3.2. djeljivi s 5", "zadatak 5.3.2. djeljivi s 5\zadatak 5.3.2. djeljivi s 5.csproj", "{179DA1D7-BCAD-4EF3-AD16-BF15051DEF77}"
EndProject
Project("{FAE04EC0-301F-11D3-BF4B-00C04F79EFBC}") = "zadatak 5.3.3 suma 100 brojeva", "zadatak 5.3.3 suma 100 brojeva\zadatak 5.3.3 suma 100 brojeva.csproj", "{3DF2780F-E04F-46F9-BF70-28EC873ECDA2}"
EndProject
Project("{FAE04EC0-301F-11D3-BF4B-00C04F79EFBC}") = "zadatak 5.3.4 faktorijel", "zadatak 5.3.4 faktorijel\zadatak 5.3.4 faktorijel.csproj", "{199D6A54-D84B-48D8-AAC6-096EED044D90}"
EndProject
Project("{FAE04EC0-301F-11D3-BF4B-00C04F79EFBC}") = "zadatak 5.3.5 djeljivi s 3", "zadatak 5.3.5 djeljivi s 3\zadatak 5.3.5 djeljivi s 3.csproj", "{1630EA89-8912-484B-A5C0-B14DF7B3D3EB}"
EndProject
Project("{FAE04EC0-301F-11D3-BF4B-00C04F79EFBC}") = "zadatak 5.3.6 prijestupne godine", "zadatak 5.3.6 prijestupne godine\zadatak 5.3.6 prijestupne godine.csproj", "{D7DF037D-7DDA-4388-8178-FB3167889EB3}"
EndProject
Project("{FAE04EC0-301F-11D3-BF4B-00C04F79EFBC}") = "zadatak 5.3.7 7 -3 ispis", "zadatak 5.3.7 7 -3 ispis\zadatak 5.3.7 7 -3 ispis.csproj", "{75E3392D-CFE7-496E-85AC-85AF8EB9A8A6}"
EndProject
Project("{FAE04EC0-301F-11D3-BF4B-00C04F79EFBC}") = "Zadatak 5.3.8 7 - 3 koliko", "Zadatak 5.3.8 7 - 3 koliko\Zadatak 5.3.8 7 - 3 koliko.csproj", "{B1BA94B3-D444-4A37-BFF3-7F78BF9A63F7}"
EndProject
Project("{FAE04EC0-301F-11D3-BF4B-00C04F79EFBC}") = "zadatak 5.3.9 djelitelji", "zadatak 5.3.9 djelitelji\zadatak 5.3.9 djelitelji.csproj", "{B9D9D43B-4571-426E-BA0F-E6DFDF2A2072}"
EndProject
Project("{FAE04EC0-301F-11D3-BF4B-00C04F79EFBC}") = "zadatak 5.3.10 savrseni broj", "zadatak 5.3.10savršeni broj\zadatak 5.3.10 savrseni broj.csproj", "{83A4FBBD-6870-4E77-AE71-33DA8EB01DD9}"
EndProject
Project("{FAE04EC0-301F-11D3-BF4B-00C04F79EFBC}") = "Zadatak 5.3.11 savrseni brojevi", "Zadatak 5.3.11 savrseni brojevi\Zadatak 5.3.11 savrseni brojevi.csproj", "{80B447CD-E124-4A9A-89BE-26821A8619D3}"
EndProject
Project("{FAE04EC0-301F-11D3-BF4B-00C04F79EFBC}") = "zadatak 5.3.12 suma i prosjek", "ConsoleApp16\zadatak 5.3.12 suma i prosjek.csproj", "{EFBCBF7F-75A9-4CEC-81BB-E5392D2201B8}"
EndProject
Project("{FAE04EC0-301F-11D3-BF4B-00C04F79EFBC}") = "zadatak 5.3.13 min i max", "zadatak 5.3.13\zadatak 5.3.13 min i max.csproj", "{6992C7CF-098F-4BF5-B9DF-ED9DE65B84EA}"
EndProject
Project("{FAE04EC0-301F-11D3-BF4B-00C04F79EFBC}") = "Zadatak 5.3.14 neparni brojevi", "Zadatak 5.3.14 neparni brojevi\Zadatak 5.3.14 neparni brojevi.csproj", "{FBDCC88D-A851-47D9-AAC9-F404770C2525}"
EndProject
Project("{FAE04EC0-301F-11D3-BF4B-00C04F79EFBC}") = "zadatak 5.3.15.ispis unatrag", "zadatak 5.3.15.ispis unatrag\zadatak 5.3.15.ispis unatrag.csproj", "{56C046BD-24E2-401A-890D-D3CB806AAED1}"
EndProject
Project("{FAE04EC0-301F-11D3-BF4B-00C04F79EFBC}") = "zadatak 5.3.16 potencije 1", "zadatak 5.3.16 potencije 1\zadatak 5.3.16 potencije 1.csproj", "{877A7DF8-0F87-49BB-862E-D0D667B9BAED}"
EndProject
Project("{FAE04EC0-301F-11D3-BF4B-00C04F79EFBC}") = "zadatak 5.3.17 potencije 2", "zadatak 5.3.17 potencije 2\zadatak 5.3.17 potencije 2.csproj", "{9EC29FE6-2C90-4E6F-91C5-5AD03060C3BD}"
EndProject
Project("{FAE04EC0-301F-11D3-BF4B-00C04F79EFBC}") = "Zadatak 2.3.18 unos ocjene", "ConsoleApp17\Zadatak 2.3.18 unos ocjene.csproj", "{89E5CC0D-71A6-4235-BC8C-B1DA07402C3A}"
EndProject
Project("{FAE04EC0-301F-11D3-BF4B-00C04F79EFBC}") = "Zadatak 2.3.20 Par-nepar", "Zadatak 2.3.20 Par-nepar\Zadatak 2.3.20 Par-nepar.csproj", "{22A132EF-2A91-498A-9BAE-FAAA663A4BAE}"
EndProject
Project("{FAE04EC0-301F-11D3-BF4B-00C04F79EFBC}") = "zadatak 5.3.20 kalkulator", "zadatak 5.3.20 kalkulator\zadatak 5.3.20 kalkulator.csproj", "{75062A1C-171C-4F45-8AFB-AC2A9EC17239}"
EndProject
Project("{2150E333-8FDC-42A3-9474-1A3956D46DE8}") = "6.1_Nizovi (Arrays)", "6.1_Nizovi (Arrays)", "{ED1F7A7B-32EF-42E3-803C-2E6A85C3A156}"
EndProject
Project("{2150E333-8FDC-42A3-9474-1A3956D46DE8}") = "Zbirka", "Zbirka", "{4C987405-3382-44C5-8295-6F03C01846E1}"
EndProject
Project("{FAE04EC0-301F-11D3-BF4B-00C04F79EFBC}") = "Primjer 6.1", "Primjer 6.1\Primjer 6.1.csproj", "{21612C4A-CA81-4310-9C46-271E89B33F43}"
EndProject
Project("{FAE04EC0-301F-11D3-BF4B-00C04F79EFBC}") = "Primjer 6.2.1.1", "Primjer 6.2.1.1\Primjer 6.2.1.1.csproj", "{1C6A5D39-AC4D-44E8-B4EF-34787108CFCE}"
EndProject
Project("{FAE04EC0-301F-11D3-BF4B-00C04F79EFBC}") = "Zadatak 6.1.1 Unos - ispis", "Zadatak 6.1.1 Unos - ispis\Zadatak 6.1.1 Unos - ispis.csproj", "{B53C5011-000F-4CEC-8D65-37D556FBD5C9}"
EndProject
Project("{FAE04EC0-301F-11D3-BF4B-00C04F79EFBC}") = "Zadatak 6.1.2 Max", "Zadatak 6.1.2 Max\Zadatak 6.1.2 Max.csproj", "{11304C7F-58A5-407E-990A-91D380776034}"
EndProject
Project("{FAE04EC0-301F-11D3-BF4B-00C04F79EFBC}") = "Zadatak 6.1.3 Zamjena Mjesta", "Zadatak 6.1.3 Zamjena Mjesta\Zadatak 6.1.3 Zamjena Mjesta.csproj", "{C30E16DF-A26B-44B3-9CD5-E782AD5399E2}"
EndProject
Project("{2150E333-8FDC-42A3-9474-1A3956D46DE8}") = "7.1_Procedure (metode)", "7.1_Procedure (metode)", "{93538832-09D3-4912-BE7B-620DDB36BDE1}"
EndProject
Project("{2150E333-8FDC-42A3-9474-1A3956D46DE8}") = "Zbirka", "Zbirka", "{E773BAFA-7915-42E5-8BCF-3F2F90347FC2}"
EndProject
Project("{FAE04EC0-301F-11D3-BF4B-00C04F79EFBC}") = "Zadatak 7.2.1 Krug", "Zadatak 7.2.1 Krug\Zadatak 7.2.1 Krug.csproj", "{50A3F449-EC22-48FF-ADC0-5A00FF0D75EF}"
EndProject
Project("{FAE04EC0-301F-11D3-BF4B-00C04F79EFBC}") = "Zadatak 7.2.2. jdnakokracan trokut", "Zadatak 7.2.2. jdnakokracan trokut\Zadatak 7.2.2. jdnakokracan trokut.csproj", "{33AC0CCE-DFD3-414D-8BD8-86926C866648}"
EndProject
Project("{FAE04EC0-301F-11D3-BF4B-00C04F79EFBC}") = "Zadatak 7.2.4 Celzij u Fahrenheit", "Zadatak 7.2.3. Celzij u Fahrenheit\Zadatak 7.2.4 Celzij u Fahrenheit.csproj", "{374208FA-9935-4A9B-BD9F-EE9BC31B8869}"
EndProject
Project("{FAE04EC0-301F-11D3-BF4B-00C04F79EFBC}") = "Zadatak 7.2.3 KS u KW", "Zadatak 7.2.3 KS u KW\Zadatak 7.2.3 KS u KW.csproj", "{09FA5EC0-6EE5-480F-8302-29CB23C477E2}"
EndProject
Project("{FAE04EC0-301F-11D3-BF4B-00C04F79EFBC}") = "Zadatak 7.2.5 Udaljenost", "Zadatak 7.2.5\Zadatak 7.2.5 Udaljenost.csproj", "{1455EA9C-625E-453B-9E1A-1F4D35CA4500}"
EndProject
Project("{FAE04EC0-301F-11D3-BF4B-00C04F79EFBC}") = "Zadatak 7.2.8 Faktorijel", "Zadatak 7.2.8 Faktorijel\Zadatak 7.2.8 Faktorijel.csproj", "{8A30A269-F440-43B4-973B-43FDF1DCBA22}"
EndProject
Project("{FAE04EC0-301F-11D3-BF4B-00C04F79EFBC}") = "Zbirka 7.2.9 Prosjek", "Zbirka 7.2.9 Prosjek\Zbirka 7.2.9 Prosjek.csproj", "{76A77F40-B976-412F-ABCC-C0439BA1AA46}"
EndProject
Project("{FAE04EC0-301F-11D3-BF4B-00C04F79EFBC}") = "Zadatak 7.2.6 Prosti broj", "Zadatak 7.2.6 Prosti broj\Zadatak 7.2.6 Prosti broj.csproj", "{CCB8EBA5-448D-4A22-932A-821FB3B5A9C9}"
EndProject
Project("{FAE04EC0-301F-11D3-BF4B-00C04F79EFBC}") = "Zadatak 7.2.7 Prosti Broj Ponovno", "Zadatak 7.2.7 Prosti Broj Ponovno\Zadatak 7.2.7 Prosti Broj Ponovno.csproj", "{F5BC2EEA-058D-48C6-ABCA-AC03329667CC}"
EndProject
Project("{FAE04EC0-301F-11D3-BF4B-00C04F79EFBC}") = "Zadatak 7.2.10 Ukupna Cijena", "Zadatak 7.2.10 Ukupna Cijena\Zadatak 7.2.10 Ukupna Cijena.csproj", "{7118A29B-50BA-4CB2-9988-7E4D0555A250}"
EndProject
Project("{FAE04EC0-301F-11D3-BF4B-00C04F79EFBC}") = "Zadatak 7.2.11 Pari i Neparni", "Zadatak 7.2.11 Pari i Neparni\Zadatak 7.2.11 Pari i Neparni.csproj", "{6D6CB5A0-A615-4FA5-B703-C3BA7A94D915}"
EndProject
Project("{2150E333-8FDC-42A3-9474-1A3956D46DE8}") = "8.1_objekti", "8.1_objekti", "{EC81F887-A677-492C-BADC-B0CB50557EF4}"
EndProject
Project("{FAE04EC0-301F-11D3-BF4B-00C04F79EFBC}") = "7.2_potprogrami", "..\..\..\Mrvic\ConsoleApp1\7.2_potprogrami\7.2_potprogrami.csproj", "{83D71946-9B44-46E2-821C-9A5C74517E71}"
EndProject
Project("{FAE04EC0-301F-11D3-BF4B-00C04F79EFBC}") = "6.1.1_primjer", "..\..\..\Mrvic\ConsoleApp1\6.1.1_primjer\6.1.1_primjer.csproj", "{FC5A32CE-D1F5-4752-B1B4-EC1D2E44DFD9}"
EndProject
Project("{FAE04EC0-301F-11D3-BF4B-00C04F79EFBC}") = "5.3.5_djeljivi_u _intervalu_plus_exception", "..\..\..\Mrvic\ConsoleApp1\5.3.5_djeljivi_u _intervalu_plus_exception\5.3.5_djeljivi_u _intervalu_plus_exception.csproj", "{220BBFE6-D2FD-4B78-AA42-33D812A02EE5}"
EndProject
Project("{2150E333-8FDC-42A3-9474-1A3956D46DE8}") = "Zbirka", "Zbirka", "{127E1D4F-BA6A-4FDD-883A-25C20A37CD2C}"
EndProject
Project("{FAE04EC0-301F-11D3-BF4B-00C04F79EFBC}") = "8.1 Proizvod", "8.1 Proizvod\8.1 Proizvod.csproj", "{0843862C-C768-4203-835E-3E5DC7109321}"
EndProject
Project("{FAE04EC0-301F-11D3-BF4B-00C04F79EFBC}") = "8.1.2 Automobil", "8.1.2 Automobil\8.1.2 Automobil.csproj", "{C583A370-4108-4AF7-AED7-FCC340DD1C2B}"
EndProject
Project("{FAE04EC0-301F-11D3-BF4B-00C04F79EFBC}") = "8.1.2_Prirucnuik", "..\..\..\Mrvic\ConsoleApp1\8.1.2_Prirucnuik\8.1.2_Prirucnuik.csproj", "{451D98C4-5D62-4F7A-A2F0-A386A3AC057A}"
EndProject
Project("{FAE04EC0-301F-11D3-BF4B-00C04F79EFBC}") = "8.1.2_Automobil", "..\..\..\Mrvic\ConsoleApp1\8.1.2_Automobil\8.1.2_Automobil.csproj", "{99D30BC7-38A0-4642-AAEA-F02657D9CF2C}"
EndProject
Project("{FAE04EC0-301F-11D3-BF4B-00C04F79EFBC}") = "8.1.1._proizvod", "..\..\..\Mrvic\ConsoleApp1\8.1.1._proizvod\8.1.1._proizvod.csproj", "{E7828ED7-38E9-4D1F-802A-9805CCA71697}"
EndProject
Project("{FAE04EC0-301F-11D3-BF4B-00C04F79EFBC}") = "8.1.3Zaposlenik", "8.1.3Zaposlenik\8.1.3Zaposlenik.csproj", "{987CBF00-31A9-4B37-9EFB-BC548739971A}"
EndProject
Project("{FAE04EC0-301F-11D3-BF4B-00C04F79EFBC}") = "8.2.1 Static", "8.2.1 Static\8.2.1 Static.csproj", "{ACA67F50-1969-4E97-B0A3-205404ED6E74}"
EndProject
Global
	GlobalSection(SolutionConfigurationPlatforms) = preSolution
		Debug|Any CPU = Debug|Any CPU
		Release|Any CPU = Release|Any CPU
	EndGlobalSection
	GlobalSection(ProjectConfigurationPlatforms) = postSolution
		{31F30331-D9D7-4529-9C4C-B096F2654F21}.Debug|Any CPU.ActiveCfg = Debug|Any CPU
		{31F30331-D9D7-4529-9C4C-B096F2654F21}.Debug|Any CPU.Build.0 = Debug|Any CPU
		{31F30331-D9D7-4529-9C4C-B096F2654F21}.Release|Any CPU.ActiveCfg = Release|Any CPU
		{31F30331-D9D7-4529-9C4C-B096F2654F21}.Release|Any CPU.Build.0 = Release|Any CPU
		{C72F648D-610F-4C09-90AE-BB2DD90A29D2}.Debug|Any CPU.ActiveCfg = Debug|Any CPU
		{C72F648D-610F-4C09-90AE-BB2DD90A29D2}.Debug|Any CPU.Build.0 = Debug|Any CPU
		{C72F648D-610F-4C09-90AE-BB2DD90A29D2}.Release|Any CPU.ActiveCfg = Release|Any CPU
		{C72F648D-610F-4C09-90AE-BB2DD90A29D2}.Release|Any CPU.Build.0 = Release|Any CPU
		{D57B4D9F-C756-4E84-951D-2D56EDE879A7}.Debug|Any CPU.ActiveCfg = Debug|Any CPU
		{D57B4D9F-C756-4E84-951D-2D56EDE879A7}.Debug|Any CPU.Build.0 = Debug|Any CPU
		{D57B4D9F-C756-4E84-951D-2D56EDE879A7}.Release|Any CPU.ActiveCfg = Release|Any CPU
		{D57B4D9F-C756-4E84-951D-2D56EDE879A7}.Release|Any CPU.Build.0 = Release|Any CPU
		{0CA433EB-B30D-4A93-8401-EC2C8A5BE104}.Debug|Any CPU.ActiveCfg = Debug|Any CPU
		{0CA433EB-B30D-4A93-8401-EC2C8A5BE104}.Debug|Any CPU.Build.0 = Debug|Any CPU
		{0CA433EB-B30D-4A93-8401-EC2C8A5BE104}.Release|Any CPU.ActiveCfg = Release|Any CPU
		{0CA433EB-B30D-4A93-8401-EC2C8A5BE104}.Release|Any CPU.Build.0 = Release|Any CPU
		{04799DD3-720C-4707-947F-C35FEB76F557}.Debug|Any CPU.ActiveCfg = Debug|Any CPU
		{04799DD3-720C-4707-947F-C35FEB76F557}.Debug|Any CPU.Build.0 = Debug|Any CPU
		{04799DD3-720C-4707-947F-C35FEB76F557}.Release|Any CPU.ActiveCfg = Release|Any CPU
		{04799DD3-720C-4707-947F-C35FEB76F557}.Release|Any CPU.Build.0 = Release|Any CPU
		{B115C56C-759C-4FE8-B30A-B5550F650228}.Debug|Any CPU.ActiveCfg = Debug|Any CPU
		{B115C56C-759C-4FE8-B30A-B5550F650228}.Debug|Any CPU.Build.0 = Debug|Any CPU
		{B115C56C-759C-4FE8-B30A-B5550F650228}.Release|Any CPU.ActiveCfg = Release|Any CPU
		{B115C56C-759C-4FE8-B30A-B5550F650228}.Release|Any CPU.Build.0 = Release|Any CPU
		{FA8A60FB-8C81-4682-8051-5777C41C9AF6}.Debug|Any CPU.ActiveCfg = Debug|Any CPU
		{FA8A60FB-8C81-4682-8051-5777C41C9AF6}.Debug|Any CPU.Build.0 = Debug|Any CPU
		{FA8A60FB-8C81-4682-8051-5777C41C9AF6}.Release|Any CPU.ActiveCfg = Release|Any CPU
		{FA8A60FB-8C81-4682-8051-5777C41C9AF6}.Release|Any CPU.Build.0 = Release|Any CPU
		{1C42CD6A-A00C-47DC-A9CE-D95B5EEE825F}.Debug|Any CPU.ActiveCfg = Debug|Any CPU
		{1C42CD6A-A00C-47DC-A9CE-D95B5EEE825F}.Debug|Any CPU.Build.0 = Debug|Any CPU
		{1C42CD6A-A00C-47DC-A9CE-D95B5EEE825F}.Release|Any CPU.ActiveCfg = Release|Any CPU
		{1C42CD6A-A00C-47DC-A9CE-D95B5EEE825F}.Release|Any CPU.Build.0 = Release|Any CPU
		{F452E0A6-FCB3-4519-9F1B-F4E60F7081EB}.Debug|Any CPU.ActiveCfg = Debug|Any CPU
		{F452E0A6-FCB3-4519-9F1B-F4E60F7081EB}.Debug|Any CPU.Build.0 = Debug|Any CPU
		{F452E0A6-FCB3-4519-9F1B-F4E60F7081EB}.Release|Any CPU.ActiveCfg = Release|Any CPU
		{F452E0A6-FCB3-4519-9F1B-F4E60F7081EB}.Release|Any CPU.Build.0 = Release|Any CPU
		{D5C30626-89A6-4428-B0F6-835D6C459AD7}.Debug|Any CPU.ActiveCfg = Debug|Any CPU
		{D5C30626-89A6-4428-B0F6-835D6C459AD7}.Debug|Any CPU.Build.0 = Debug|Any CPU
		{D5C30626-89A6-4428-B0F6-835D6C459AD7}.Release|Any CPU.ActiveCfg = Release|Any CPU
		{D5C30626-89A6-4428-B0F6-835D6C459AD7}.Release|Any CPU.Build.0 = Release|Any CPU
		{D6A558C4-161E-4383-9CBC-2C71C8BE2F09}.Debug|Any CPU.ActiveCfg = Debug|Any CPU
		{D6A558C4-161E-4383-9CBC-2C71C8BE2F09}.Debug|Any CPU.Build.0 = Debug|Any CPU
		{D6A558C4-161E-4383-9CBC-2C71C8BE2F09}.Release|Any CPU.ActiveCfg = Release|Any CPU
		{D6A558C4-161E-4383-9CBC-2C71C8BE2F09}.Release|Any CPU.Build.0 = Release|Any CPU
		{B75E5CCA-8FF6-4849-BE1B-CF5D0D054965}.Debug|Any CPU.ActiveCfg = Debug|Any CPU
		{B75E5CCA-8FF6-4849-BE1B-CF5D0D054965}.Debug|Any CPU.Build.0 = Debug|Any CPU
		{B75E5CCA-8FF6-4849-BE1B-CF5D0D054965}.Release|Any CPU.ActiveCfg = Release|Any CPU
		{B75E5CCA-8FF6-4849-BE1B-CF5D0D054965}.Release|Any CPU.Build.0 = Release|Any CPU
		{23ACD08E-F202-414A-9DE9-55F556F2A671}.Debug|Any CPU.ActiveCfg = Debug|Any CPU
		{23ACD08E-F202-414A-9DE9-55F556F2A671}.Debug|Any CPU.Build.0 = Debug|Any CPU
		{23ACD08E-F202-414A-9DE9-55F556F2A671}.Release|Any CPU.ActiveCfg = Release|Any CPU
		{23ACD08E-F202-414A-9DE9-55F556F2A671}.Release|Any CPU.Build.0 = Release|Any CPU
		{F7979955-B965-4E9D-80D6-7FCA99FBA043}.Debug|Any CPU.ActiveCfg = Debug|Any CPU
		{F7979955-B965-4E9D-80D6-7FCA99FBA043}.Debug|Any CPU.Build.0 = Debug|Any CPU
		{F7979955-B965-4E9D-80D6-7FCA99FBA043}.Release|Any CPU.ActiveCfg = Release|Any CPU
		{F7979955-B965-4E9D-80D6-7FCA99FBA043}.Release|Any CPU.Build.0 = Release|Any CPU
		{FFA3E48E-88AB-4C6D-AD62-182CC77A72C4}.Debug|Any CPU.ActiveCfg = Debug|Any CPU
		{FFA3E48E-88AB-4C6D-AD62-182CC77A72C4}.Debug|Any CPU.Build.0 = Debug|Any CPU
		{FFA3E48E-88AB-4C6D-AD62-182CC77A72C4}.Release|Any CPU.ActiveCfg = Release|Any CPU
		{FFA3E48E-88AB-4C6D-AD62-182CC77A72C4}.Release|Any CPU.Build.0 = Release|Any CPU
		{21337B8E-DBF4-4375-B506-990CF31AECB8}.Debug|Any CPU.ActiveCfg = Debug|Any CPU
		{21337B8E-DBF4-4375-B506-990CF31AECB8}.Debug|Any CPU.Build.0 = Debug|Any CPU
		{21337B8E-DBF4-4375-B506-990CF31AECB8}.Release|Any CPU.ActiveCfg = Release|Any CPU
		{21337B8E-DBF4-4375-B506-990CF31AECB8}.Release|Any CPU.Build.0 = Release|Any CPU
		{D903D0AA-30E8-4741-BD96-128071AF42E8}.Debug|Any CPU.ActiveCfg = Debug|Any CPU
		{D903D0AA-30E8-4741-BD96-128071AF42E8}.Debug|Any CPU.Build.0 = Debug|Any CPU
		{D903D0AA-30E8-4741-BD96-128071AF42E8}.Release|Any CPU.ActiveCfg = Release|Any CPU
		{D903D0AA-30E8-4741-BD96-128071AF42E8}.Release|Any CPU.Build.0 = Release|Any CPU
		{82B4645F-F6F1-42DC-8CD6-0C894FEA05F1}.Debug|Any CPU.ActiveCfg = Debug|Any CPU
		{82B4645F-F6F1-42DC-8CD6-0C894FEA05F1}.Debug|Any CPU.Build.0 = Debug|Any CPU
		{82B4645F-F6F1-42DC-8CD6-0C894FEA05F1}.Release|Any CPU.ActiveCfg = Release|Any CPU
		{82B4645F-F6F1-42DC-8CD6-0C894FEA05F1}.Release|Any CPU.Build.0 = Release|Any CPU
		{E801EA30-D17D-4145-8C04-719EAADE37F8}.Debug|Any CPU.ActiveCfg = Debug|Any CPU
		{E801EA30-D17D-4145-8C04-719EAADE37F8}.Debug|Any CPU.Build.0 = Debug|Any CPU
		{E801EA30-D17D-4145-8C04-719EAADE37F8}.Release|Any CPU.ActiveCfg = Release|Any CPU
		{E801EA30-D17D-4145-8C04-719EAADE37F8}.Release|Any CPU.Build.0 = Release|Any CPU
		{6B5D1F5B-2E69-4C98-B615-DE74500B0242}.Debug|Any CPU.ActiveCfg = Debug|Any CPU
		{6B5D1F5B-2E69-4C98-B615-DE74500B0242}.Debug|Any CPU.Build.0 = Debug|Any CPU
		{6B5D1F5B-2E69-4C98-B615-DE74500B0242}.Release|Any CPU.ActiveCfg = Release|Any CPU
		{6B5D1F5B-2E69-4C98-B615-DE74500B0242}.Release|Any CPU.Build.0 = Release|Any CPU
		{D4B00EDD-8255-4049-8913-75F280C9D970}.Debug|Any CPU.ActiveCfg = Debug|Any CPU
		{D4B00EDD-8255-4049-8913-75F280C9D970}.Debug|Any CPU.Build.0 = Debug|Any CPU
		{D4B00EDD-8255-4049-8913-75F280C9D970}.Release|Any CPU.ActiveCfg = Release|Any CPU
		{D4B00EDD-8255-4049-8913-75F280C9D970}.Release|Any CPU.Build.0 = Release|Any CPU
		{8E6068F0-351D-4501-A376-3EE0895D1580}.Debug|Any CPU.ActiveCfg = Debug|Any CPU
		{8E6068F0-351D-4501-A376-3EE0895D1580}.Debug|Any CPU.Build.0 = Debug|Any CPU
		{8E6068F0-351D-4501-A376-3EE0895D1580}.Release|Any CPU.ActiveCfg = Release|Any CPU
		{8E6068F0-351D-4501-A376-3EE0895D1580}.Release|Any CPU.Build.0 = Release|Any CPU
		{D5EFEE48-5A66-437D-9B6E-59BBE2113F90}.Debug|Any CPU.ActiveCfg = Debug|Any CPU
		{D5EFEE48-5A66-437D-9B6E-59BBE2113F90}.Debug|Any CPU.Build.0 = Debug|Any CPU
		{D5EFEE48-5A66-437D-9B6E-59BBE2113F90}.Release|Any CPU.ActiveCfg = Release|Any CPU
		{D5EFEE48-5A66-437D-9B6E-59BBE2113F90}.Release|Any CPU.Build.0 = Release|Any CPU
		{AE4A2573-F7D0-4C64-85B9-A6575D423890}.Debug|Any CPU.ActiveCfg = Debug|Any CPU
		{AE4A2573-F7D0-4C64-85B9-A6575D423890}.Debug|Any CPU.Build.0 = Debug|Any CPU
		{AE4A2573-F7D0-4C64-85B9-A6575D423890}.Release|Any CPU.ActiveCfg = Release|Any CPU
		{AE4A2573-F7D0-4C64-85B9-A6575D423890}.Release|Any CPU.Build.0 = Release|Any CPU
		{63EC6ECC-95CB-4807-8E54-473D458FCD37}.Debug|Any CPU.ActiveCfg = Debug|Any CPU
		{63EC6ECC-95CB-4807-8E54-473D458FCD37}.Debug|Any CPU.Build.0 = Debug|Any CPU
		{63EC6ECC-95CB-4807-8E54-473D458FCD37}.Release|Any CPU.ActiveCfg = Release|Any CPU
		{63EC6ECC-95CB-4807-8E54-473D458FCD37}.Release|Any CPU.Build.0 = Release|Any CPU
		{1CEBFE67-8975-4A35-B1D8-472BFE3ADF64}.Debug|Any CPU.ActiveCfg = Debug|Any CPU
		{1CEBFE67-8975-4A35-B1D8-472BFE3ADF64}.Debug|Any CPU.Build.0 = Debug|Any CPU
		{1CEBFE67-8975-4A35-B1D8-472BFE3ADF64}.Release|Any CPU.ActiveCfg = Release|Any CPU
		{1CEBFE67-8975-4A35-B1D8-472BFE3ADF64}.Release|Any CPU.Build.0 = Release|Any CPU
		{B797CD5F-E7A5-4E75-BD6B-4B87FFF79A4A}.Debug|Any CPU.ActiveCfg = Debug|Any CPU
		{B797CD5F-E7A5-4E75-BD6B-4B87FFF79A4A}.Debug|Any CPU.Build.0 = Debug|Any CPU
		{B797CD5F-E7A5-4E75-BD6B-4B87FFF79A4A}.Release|Any CPU.ActiveCfg = Release|Any CPU
		{B797CD5F-E7A5-4E75-BD6B-4B87FFF79A4A}.Release|Any CPU.Build.0 = Release|Any CPU
		{60F31B9B-D754-4990-8301-BC6354454830}.Debug|Any CPU.ActiveCfg = Debug|Any CPU
		{60F31B9B-D754-4990-8301-BC6354454830}.Debug|Any CPU.Build.0 = Debug|Any CPU
		{60F31B9B-D754-4990-8301-BC6354454830}.Release|Any CPU.ActiveCfg = Release|Any CPU
		{60F31B9B-D754-4990-8301-BC6354454830}.Release|Any CPU.Build.0 = Release|Any CPU
		{05DBDDD1-A8A5-4D09-9025-AA655FC00CC3}.Debug|Any CPU.ActiveCfg = Debug|Any CPU
		{05DBDDD1-A8A5-4D09-9025-AA655FC00CC3}.Debug|Any CPU.Build.0 = Debug|Any CPU
		{05DBDDD1-A8A5-4D09-9025-AA655FC00CC3}.Release|Any CPU.ActiveCfg = Release|Any CPU
		{05DBDDD1-A8A5-4D09-9025-AA655FC00CC3}.Release|Any CPU.Build.0 = Release|Any CPU
		{2B047386-B574-48A7-9306-39FF6A20E868}.Debug|Any CPU.ActiveCfg = Debug|Any CPU
		{2B047386-B574-48A7-9306-39FF6A20E868}.Debug|Any CPU.Build.0 = Debug|Any CPU
		{2B047386-B574-48A7-9306-39FF6A20E868}.Release|Any CPU.ActiveCfg = Release|Any CPU
		{2B047386-B574-48A7-9306-39FF6A20E868}.Release|Any CPU.Build.0 = Release|Any CPU
		{11075948-A8E2-466F-8119-34C79069B138}.Debug|Any CPU.ActiveCfg = Debug|Any CPU
		{11075948-A8E2-466F-8119-34C79069B138}.Debug|Any CPU.Build.0 = Debug|Any CPU
		{11075948-A8E2-466F-8119-34C79069B138}.Release|Any CPU.ActiveCfg = Release|Any CPU
		{11075948-A8E2-466F-8119-34C79069B138}.Release|Any CPU.Build.0 = Release|Any CPU
		{179DA1D7-BCAD-4EF3-AD16-BF15051DEF77}.Debug|Any CPU.ActiveCfg = Debug|Any CPU
		{179DA1D7-BCAD-4EF3-AD16-BF15051DEF77}.Debug|Any CPU.Build.0 = Debug|Any CPU
		{179DA1D7-BCAD-4EF3-AD16-BF15051DEF77}.Release|Any CPU.ActiveCfg = Release|Any CPU
		{179DA1D7-BCAD-4EF3-AD16-BF15051DEF77}.Release|Any CPU.Build.0 = Release|Any CPU
		{3DF2780F-E04F-46F9-BF70-28EC873ECDA2}.Debug|Any CPU.ActiveCfg = Debug|Any CPU
		{3DF2780F-E04F-46F9-BF70-28EC873ECDA2}.Debug|Any CPU.Build.0 = Debug|Any CPU
		{3DF2780F-E04F-46F9-BF70-28EC873ECDA2}.Release|Any CPU.ActiveCfg = Release|Any CPU
		{3DF2780F-E04F-46F9-BF70-28EC873ECDA2}.Release|Any CPU.Build.0 = Release|Any CPU
		{199D6A54-D84B-48D8-AAC6-096EED044D90}.Debug|Any CPU.ActiveCfg = Debug|Any CPU
		{199D6A54-D84B-48D8-AAC6-096EED044D90}.Debug|Any CPU.Build.0 = Debug|Any CPU
		{199D6A54-D84B-48D8-AAC6-096EED044D90}.Release|Any CPU.ActiveCfg = Release|Any CPU
		{199D6A54-D84B-48D8-AAC6-096EED044D90}.Release|Any CPU.Build.0 = Release|Any CPU
		{1630EA89-8912-484B-A5C0-B14DF7B3D3EB}.Debug|Any CPU.ActiveCfg = Debug|Any CPU
		{1630EA89-8912-484B-A5C0-B14DF7B3D3EB}.Debug|Any CPU.Build.0 = Debug|Any CPU
		{1630EA89-8912-484B-A5C0-B14DF7B3D3EB}.Release|Any CPU.ActiveCfg = Release|Any CPU
		{1630EA89-8912-484B-A5C0-B14DF7B3D3EB}.Release|Any CPU.Build.0 = Release|Any CPU
		{D7DF037D-7DDA-4388-8178-FB3167889EB3}.Debug|Any CPU.ActiveCfg = Debug|Any CPU
		{D7DF037D-7DDA-4388-8178-FB3167889EB3}.Debug|Any CPU.Build.0 = Debug|Any CPU
		{D7DF037D-7DDA-4388-8178-FB3167889EB3}.Release|Any CPU.ActiveCfg = Release|Any CPU
		{D7DF037D-7DDA-4388-8178-FB3167889EB3}.Release|Any CPU.Build.0 = Release|Any CPU
		{75E3392D-CFE7-496E-85AC-85AF8EB9A8A6}.Debug|Any CPU.ActiveCfg = Debug|Any CPU
		{75E3392D-CFE7-496E-85AC-85AF8EB9A8A6}.Debug|Any CPU.Build.0 = Debug|Any CPU
		{75E3392D-CFE7-496E-85AC-85AF8EB9A8A6}.Release|Any CPU.ActiveCfg = Release|Any CPU
		{75E3392D-CFE7-496E-85AC-85AF8EB9A8A6}.Release|Any CPU.Build.0 = Release|Any CPU
		{B1BA94B3-D444-4A37-BFF3-7F78BF9A63F7}.Debug|Any CPU.ActiveCfg = Debug|Any CPU
		{B1BA94B3-D444-4A37-BFF3-7F78BF9A63F7}.Debug|Any CPU.Build.0 = Debug|Any CPU
		{B1BA94B3-D444-4A37-BFF3-7F78BF9A63F7}.Release|Any CPU.ActiveCfg = Release|Any CPU
		{B1BA94B3-D444-4A37-BFF3-7F78BF9A63F7}.Release|Any CPU.Build.0 = Release|Any CPU
		{B9D9D43B-4571-426E-BA0F-E6DFDF2A2072}.Debug|Any CPU.ActiveCfg = Debug|Any CPU
		{B9D9D43B-4571-426E-BA0F-E6DFDF2A2072}.Debug|Any CPU.Build.0 = Debug|Any CPU
		{B9D9D43B-4571-426E-BA0F-E6DFDF2A2072}.Release|Any CPU.ActiveCfg = Release|Any CPU
		{B9D9D43B-4571-426E-BA0F-E6DFDF2A2072}.Release|Any CPU.Build.0 = Release|Any CPU
		{83A4FBBD-6870-4E77-AE71-33DA8EB01DD9}.Debug|Any CPU.ActiveCfg = Debug|Any CPU
		{83A4FBBD-6870-4E77-AE71-33DA8EB01DD9}.Debug|Any CPU.Build.0 = Debug|Any CPU
		{83A4FBBD-6870-4E77-AE71-33DA8EB01DD9}.Release|Any CPU.ActiveCfg = Release|Any CPU
		{83A4FBBD-6870-4E77-AE71-33DA8EB01DD9}.Release|Any CPU.Build.0 = Release|Any CPU
		{80B447CD-E124-4A9A-89BE-26821A8619D3}.Debug|Any CPU.ActiveCfg = Debug|Any CPU
		{80B447CD-E124-4A9A-89BE-26821A8619D3}.Debug|Any CPU.Build.0 = Debug|Any CPU
		{80B447CD-E124-4A9A-89BE-26821A8619D3}.Release|Any CPU.ActiveCfg = Release|Any CPU
		{80B447CD-E124-4A9A-89BE-26821A8619D3}.Release|Any CPU.Build.0 = Release|Any CPU
		{EFBCBF7F-75A9-4CEC-81BB-E5392D2201B8}.Debug|Any CPU.ActiveCfg = Debug|Any CPU
		{EFBCBF7F-75A9-4CEC-81BB-E5392D2201B8}.Debug|Any CPU.Build.0 = Debug|Any CPU
		{EFBCBF7F-75A9-4CEC-81BB-E5392D2201B8}.Release|Any CPU.ActiveCfg = Release|Any CPU
		{EFBCBF7F-75A9-4CEC-81BB-E5392D2201B8}.Release|Any CPU.Build.0 = Release|Any CPU
		{6992C7CF-098F-4BF5-B9DF-ED9DE65B84EA}.Debug|Any CPU.ActiveCfg = Debug|Any CPU
		{6992C7CF-098F-4BF5-B9DF-ED9DE65B84EA}.Debug|Any CPU.Build.0 = Debug|Any CPU
		{6992C7CF-098F-4BF5-B9DF-ED9DE65B84EA}.Release|Any CPU.ActiveCfg = Release|Any CPU
		{6992C7CF-098F-4BF5-B9DF-ED9DE65B84EA}.Release|Any CPU.Build.0 = Release|Any CPU
		{FBDCC88D-A851-47D9-AAC9-F404770C2525}.Debug|Any CPU.ActiveCfg = Debug|Any CPU
		{FBDCC88D-A851-47D9-AAC9-F404770C2525}.Debug|Any CPU.Build.0 = Debug|Any CPU
		{FBDCC88D-A851-47D9-AAC9-F404770C2525}.Release|Any CPU.ActiveCfg = Release|Any CPU
		{FBDCC88D-A851-47D9-AAC9-F404770C2525}.Release|Any CPU.Build.0 = Release|Any CPU
		{56C046BD-24E2-401A-890D-D3CB806AAED1}.Debug|Any CPU.ActiveCfg = Debug|Any CPU
		{56C046BD-24E2-401A-890D-D3CB806AAED1}.Debug|Any CPU.Build.0 = Debug|Any CPU
		{56C046BD-24E2-401A-890D-D3CB806AAED1}.Release|Any CPU.ActiveCfg = Release|Any CPU
		{56C046BD-24E2-401A-890D-D3CB806AAED1}.Release|Any CPU.Build.0 = Release|Any CPU
		{877A7DF8-0F87-49BB-862E-D0D667B9BAED}.Debug|Any CPU.ActiveCfg = Debug|Any CPU
		{877A7DF8-0F87-49BB-862E-D0D667B9BAED}.Debug|Any CPU.Build.0 = Debug|Any CPU
		{877A7DF8-0F87-49BB-862E-D0D667B9BAED}.Release|Any CPU.ActiveCfg = Release|Any CPU
		{877A7DF8-0F87-49BB-862E-D0D667B9BAED}.Release|Any CPU.Build.0 = Release|Any CPU
		{9EC29FE6-2C90-4E6F-91C5-5AD03060C3BD}.Debug|Any CPU.ActiveCfg = Debug|Any CPU
		{9EC29FE6-2C90-4E6F-91C5-5AD03060C3BD}.Debug|Any CPU.Build.0 = Debug|Any CPU
		{9EC29FE6-2C90-4E6F-91C5-5AD03060C3BD}.Release|Any CPU.ActiveCfg = Release|Any CPU
		{9EC29FE6-2C90-4E6F-91C5-5AD03060C3BD}.Release|Any CPU.Build.0 = Release|Any CPU
		{89E5CC0D-71A6-4235-BC8C-B1DA07402C3A}.Debug|Any CPU.ActiveCfg = Debug|Any CPU
		{89E5CC0D-71A6-4235-BC8C-B1DA07402C3A}.Debug|Any CPU.Build.0 = Debug|Any CPU
		{89E5CC0D-71A6-4235-BC8C-B1DA07402C3A}.Release|Any CPU.ActiveCfg = Release|Any CPU
		{89E5CC0D-71A6-4235-BC8C-B1DA07402C3A}.Release|Any CPU.Build.0 = Release|Any CPU
		{22A132EF-2A91-498A-9BAE-FAAA663A4BAE}.Debug|Any CPU.ActiveCfg = Debug|Any CPU
		{22A132EF-2A91-498A-9BAE-FAAA663A4BAE}.Debug|Any CPU.Build.0 = Debug|Any CPU
		{22A132EF-2A91-498A-9BAE-FAAA663A4BAE}.Release|Any CPU.ActiveCfg = Release|Any CPU
		{22A132EF-2A91-498A-9BAE-FAAA663A4BAE}.Release|Any CPU.Build.0 = Release|Any CPU
		{75062A1C-171C-4F45-8AFB-AC2A9EC17239}.Debug|Any CPU.ActiveCfg = Debug|Any CPU
		{75062A1C-171C-4F45-8AFB-AC2A9EC17239}.Debug|Any CPU.Build.0 = Debug|Any CPU
		{75062A1C-171C-4F45-8AFB-AC2A9EC17239}.Release|Any CPU.ActiveCfg = Release|Any CPU
		{75062A1C-171C-4F45-8AFB-AC2A9EC17239}.Release|Any CPU.Build.0 = Release|Any CPU
		{21612C4A-CA81-4310-9C46-271E89B33F43}.Debug|Any CPU.ActiveCfg = Debug|Any CPU
		{21612C4A-CA81-4310-9C46-271E89B33F43}.Debug|Any CPU.Build.0 = Debug|Any CPU
		{21612C4A-CA81-4310-9C46-271E89B33F43}.Release|Any CPU.ActiveCfg = Release|Any CPU
		{21612C4A-CA81-4310-9C46-271E89B33F43}.Release|Any CPU.Build.0 = Release|Any CPU
		{1C6A5D39-AC4D-44E8-B4EF-34787108CFCE}.Debug|Any CPU.ActiveCfg = Debug|Any CPU
		{1C6A5D39-AC4D-44E8-B4EF-34787108CFCE}.Debug|Any CPU.Build.0 = Debug|Any CPU
		{1C6A5D39-AC4D-44E8-B4EF-34787108CFCE}.Release|Any CPU.ActiveCfg = Release|Any CPU
		{1C6A5D39-AC4D-44E8-B4EF-34787108CFCE}.Release|Any CPU.Build.0 = Release|Any CPU
		{B53C5011-000F-4CEC-8D65-37D556FBD5C9}.Debug|Any CPU.ActiveCfg = Debug|Any CPU
		{B53C5011-000F-4CEC-8D65-37D556FBD5C9}.Debug|Any CPU.Build.0 = Debug|Any CPU
		{B53C5011-000F-4CEC-8D65-37D556FBD5C9}.Release|Any CPU.ActiveCfg = Release|Any CPU
		{B53C5011-000F-4CEC-8D65-37D556FBD5C9}.Release|Any CPU.Build.0 = Release|Any CPU
		{11304C7F-58A5-407E-990A-91D380776034}.Debug|Any CPU.ActiveCfg = Debug|Any CPU
		{11304C7F-58A5-407E-990A-91D380776034}.Debug|Any CPU.Build.0 = Debug|Any CPU
		{11304C7F-58A5-407E-990A-91D380776034}.Release|Any CPU.ActiveCfg = Release|Any CPU
		{11304C7F-58A5-407E-990A-91D380776034}.Release|Any CPU.Build.0 = Release|Any CPU
		{C30E16DF-A26B-44B3-9CD5-E782AD5399E2}.Debug|Any CPU.ActiveCfg = Debug|Any CPU
		{C30E16DF-A26B-44B3-9CD5-E782AD5399E2}.Debug|Any CPU.Build.0 = Debug|Any CPU
		{C30E16DF-A26B-44B3-9CD5-E782AD5399E2}.Release|Any CPU.ActiveCfg = Release|Any CPU
		{C30E16DF-A26B-44B3-9CD5-E782AD5399E2}.Release|Any CPU.Build.0 = Release|Any CPU
		{50A3F449-EC22-48FF-ADC0-5A00FF0D75EF}.Debug|Any CPU.ActiveCfg = Debug|Any CPU
		{50A3F449-EC22-48FF-ADC0-5A00FF0D75EF}.Debug|Any CPU.Build.0 = Debug|Any CPU
		{50A3F449-EC22-48FF-ADC0-5A00FF0D75EF}.Release|Any CPU.ActiveCfg = Release|Any CPU
		{50A3F449-EC22-48FF-ADC0-5A00FF0D75EF}.Release|Any CPU.Build.0 = Release|Any CPU
		{33AC0CCE-DFD3-414D-8BD8-86926C866648}.Debug|Any CPU.ActiveCfg = Debug|Any CPU
		{33AC0CCE-DFD3-414D-8BD8-86926C866648}.Debug|Any CPU.Build.0 = Debug|Any CPU
		{33AC0CCE-DFD3-414D-8BD8-86926C866648}.Release|Any CPU.ActiveCfg = Release|Any CPU
		{33AC0CCE-DFD3-414D-8BD8-86926C866648}.Release|Any CPU.Build.0 = Release|Any CPU
		{374208FA-9935-4A9B-BD9F-EE9BC31B8869}.Debug|Any CPU.ActiveCfg = Debug|Any CPU
		{374208FA-9935-4A9B-BD9F-EE9BC31B8869}.Debug|Any CPU.Build.0 = Debug|Any CPU
		{374208FA-9935-4A9B-BD9F-EE9BC31B8869}.Release|Any CPU.ActiveCfg = Release|Any CPU
		{374208FA-9935-4A9B-BD9F-EE9BC31B8869}.Release|Any CPU.Build.0 = Release|Any CPU
		{09FA5EC0-6EE5-480F-8302-29CB23C477E2}.Debug|Any CPU.ActiveCfg = Debug|Any CPU
		{09FA5EC0-6EE5-480F-8302-29CB23C477E2}.Debug|Any CPU.Build.0 = Debug|Any CPU
		{09FA5EC0-6EE5-480F-8302-29CB23C477E2}.Release|Any CPU.ActiveCfg = Release|Any CPU
		{09FA5EC0-6EE5-480F-8302-29CB23C477E2}.Release|Any CPU.Build.0 = Release|Any CPU
		{1455EA9C-625E-453B-9E1A-1F4D35CA4500}.Debug|Any CPU.ActiveCfg = Debug|Any CPU
		{1455EA9C-625E-453B-9E1A-1F4D35CA4500}.Debug|Any CPU.Build.0 = Debug|Any CPU
		{1455EA9C-625E-453B-9E1A-1F4D35CA4500}.Release|Any CPU.ActiveCfg = Release|Any CPU
		{1455EA9C-625E-453B-9E1A-1F4D35CA4500}.Release|Any CPU.Build.0 = Release|Any CPU
		{8A30A269-F440-43B4-973B-43FDF1DCBA22}.Debug|Any CPU.ActiveCfg = Debug|Any CPU
		{8A30A269-F440-43B4-973B-43FDF1DCBA22}.Debug|Any CPU.Build.0 = Debug|Any CPU
		{8A30A269-F440-43B4-973B-43FDF1DCBA22}.Release|Any CPU.ActiveCfg = Release|Any CPU
		{8A30A269-F440-43B4-973B-43FDF1DCBA22}.Release|Any CPU.Build.0 = Release|Any CPU
		{76A77F40-B976-412F-ABCC-C0439BA1AA46}.Debug|Any CPU.ActiveCfg = Debug|Any CPU
		{76A77F40-B976-412F-ABCC-C0439BA1AA46}.Debug|Any CPU.Build.0 = Debug|Any CPU
		{76A77F40-B976-412F-ABCC-C0439BA1AA46}.Release|Any CPU.ActiveCfg = Release|Any CPU
		{76A77F40-B976-412F-ABCC-C0439BA1AA46}.Release|Any CPU.Build.0 = Release|Any CPU
		{CCB8EBA5-448D-4A22-932A-821FB3B5A9C9}.Debug|Any CPU.ActiveCfg = Debug|Any CPU
		{CCB8EBA5-448D-4A22-932A-821FB3B5A9C9}.Debug|Any CPU.Build.0 = Debug|Any CPU
		{CCB8EBA5-448D-4A22-932A-821FB3B5A9C9}.Release|Any CPU.ActiveCfg = Release|Any CPU
		{CCB8EBA5-448D-4A22-932A-821FB3B5A9C9}.Release|Any CPU.Build.0 = Release|Any CPU
		{F5BC2EEA-058D-48C6-ABCA-AC03329667CC}.Debug|Any CPU.ActiveCfg = Debug|Any CPU
		{F5BC2EEA-058D-48C6-ABCA-AC03329667CC}.Debug|Any CPU.Build.0 = Debug|Any CPU
		{F5BC2EEA-058D-48C6-ABCA-AC03329667CC}.Release|Any CPU.ActiveCfg = Release|Any CPU
		{F5BC2EEA-058D-48C6-ABCA-AC03329667CC}.Release|Any CPU.Build.0 = Release|Any CPU
		{7118A29B-50BA-4CB2-9988-7E4D0555A250}.Debug|Any CPU.ActiveCfg = Debug|Any CPU
		{7118A29B-50BA-4CB2-9988-7E4D0555A250}.Debug|Any CPU.Build.0 = Debug|Any CPU
		{7118A29B-50BA-4CB2-9988-7E4D0555A250}.Release|Any CPU.ActiveCfg = Release|Any CPU
		{7118A29B-50BA-4CB2-9988-7E4D0555A250}.Release|Any CPU.Build.0 = Release|Any CPU
		{6D6CB5A0-A615-4FA5-B703-C3BA7A94D915}.Debug|Any CPU.ActiveCfg = Debug|Any CPU
		{6D6CB5A0-A615-4FA5-B703-C3BA7A94D915}.Debug|Any CPU.Build.0 = Debug|Any CPU
		{6D6CB5A0-A615-4FA5-B703-C3BA7A94D915}.Release|Any CPU.ActiveCfg = Release|Any CPU
		{6D6CB5A0-A615-4FA5-B703-C3BA7A94D915}.Release|Any CPU.Build.0 = Release|Any CPU
		{83D71946-9B44-46E2-821C-9A5C74517E71}.Debug|Any CPU.ActiveCfg = Debug|Any CPU
		{83D71946-9B44-46E2-821C-9A5C74517E71}.Debug|Any CPU.Build.0 = Debug|Any CPU
		{83D71946-9B44-46E2-821C-9A5C74517E71}.Release|Any CPU.ActiveCfg = Release|Any CPU
		{83D71946-9B44-46E2-821C-9A5C74517E71}.Release|Any CPU.Build.0 = Release|Any CPU
		{FC5A32CE-D1F5-4752-B1B4-EC1D2E44DFD9}.Debug|Any CPU.ActiveCfg = Debug|Any CPU
		{FC5A32CE-D1F5-4752-B1B4-EC1D2E44DFD9}.Debug|Any CPU.Build.0 = Debug|Any CPU
		{FC5A32CE-D1F5-4752-B1B4-EC1D2E44DFD9}.Release|Any CPU.ActiveCfg = Release|Any CPU
		{FC5A32CE-D1F5-4752-B1B4-EC1D2E44DFD9}.Release|Any CPU.Build.0 = Release|Any CPU
		{220BBFE6-D2FD-4B78-AA42-33D812A02EE5}.Debug|Any CPU.ActiveCfg = Debug|Any CPU
		{220BBFE6-D2FD-4B78-AA42-33D812A02EE5}.Debug|Any CPU.Build.0 = Debug|Any CPU
		{220BBFE6-D2FD-4B78-AA42-33D812A02EE5}.Release|Any CPU.ActiveCfg = Release|Any CPU
		{220BBFE6-D2FD-4B78-AA42-33D812A02EE5}.Release|Any CPU.Build.0 = Release|Any CPU
		{0843862C-C768-4203-835E-3E5DC7109321}.Debug|Any CPU.ActiveCfg = Debug|Any CPU
		{0843862C-C768-4203-835E-3E5DC7109321}.Debug|Any CPU.Build.0 = Debug|Any CPU
		{0843862C-C768-4203-835E-3E5DC7109321}.Release|Any CPU.ActiveCfg = Release|Any CPU
		{0843862C-C768-4203-835E-3E5DC7109321}.Release|Any CPU.Build.0 = Release|Any CPU
		{C583A370-4108-4AF7-AED7-FCC340DD1C2B}.Debug|Any CPU.ActiveCfg = Debug|Any CPU
		{C583A370-4108-4AF7-AED7-FCC340DD1C2B}.Debug|Any CPU.Build.0 = Debug|Any CPU
		{C583A370-4108-4AF7-AED7-FCC340DD1C2B}.Release|Any CPU.ActiveCfg = Release|Any CPU
		{C583A370-4108-4AF7-AED7-FCC340DD1C2B}.Release|Any CPU.Build.0 = Release|Any CPU
		{451D98C4-5D62-4F7A-A2F0-A386A3AC057A}.Debug|Any CPU.ActiveCfg = Debug|Any CPU
		{451D98C4-5D62-4F7A-A2F0-A386A3AC057A}.Debug|Any CPU.Build.0 = Debug|Any CPU
		{451D98C4-5D62-4F7A-A2F0-A386A3AC057A}.Release|Any CPU.ActiveCfg = Release|Any CPU
		{451D98C4-5D62-4F7A-A2F0-A386A3AC057A}.Release|Any CPU.Build.0 = Release|Any CPU
		{99D30BC7-38A0-4642-AAEA-F02657D9CF2C}.Debug|Any CPU.ActiveCfg = Debug|Any CPU
		{99D30BC7-38A0-4642-AAEA-F02657D9CF2C}.Debug|Any CPU.Build.0 = Debug|Any CPU
		{99D30BC7-38A0-4642-AAEA-F02657D9CF2C}.Release|Any CPU.ActiveCfg = Release|Any CPU
		{99D30BC7-38A0-4642-AAEA-F02657D9CF2C}.Release|Any CPU.Build.0 = Release|Any CPU
		{E7828ED7-38E9-4D1F-802A-9805CCA71697}.Debug|Any CPU.ActiveCfg = Debug|Any CPU
		{E7828ED7-38E9-4D1F-802A-9805CCA71697}.Debug|Any CPU.Build.0 = Debug|Any CPU
		{E7828ED7-38E9-4D1F-802A-9805CCA71697}.Release|Any CPU.ActiveCfg = Release|Any CPU
		{E7828ED7-38E9-4D1F-802A-9805CCA71697}.Release|Any CPU.Build.0 = Release|Any CPU
		{987CBF00-31A9-4B37-9EFB-BC548739971A}.Debug|Any CPU.ActiveCfg = Debug|Any CPU
		{987CBF00-31A9-4B37-9EFB-BC548739971A}.Debug|Any CPU.Build.0 = Debug|Any CPU
		{987CBF00-31A9-4B37-9EFB-BC548739971A}.Release|Any CPU.ActiveCfg = Release|Any CPU
		{987CBF00-31A9-4B37-9EFB-BC548739971A}.Release|Any CPU.Build.0 = Release|Any CPU
		{ACA67F50-1969-4E97-B0A3-205404ED6E74}.Debug|Any CPU.ActiveCfg = Debug|Any CPU
		{ACA67F50-1969-4E97-B0A3-205404ED6E74}.Debug|Any CPU.Build.0 = Debug|Any CPU
		{ACA67F50-1969-4E97-B0A3-205404ED6E74}.Release|Any CPU.ActiveCfg = Release|Any CPU
		{ACA67F50-1969-4E97-B0A3-205404ED6E74}.Release|Any CPU.Build.0 = Release|Any CPU
	EndGlobalSection
	GlobalSection(SolutionProperties) = preSolution
		HideSolutionNode = FALSE
	EndGlobalSection
	GlobalSection(NestedProjects) = preSolution
		{31F30331-D9D7-4529-9C4C-B096F2654F21} = {E532BE19-BEA2-4764-95DC-2172EB40890C}
		{C72F648D-610F-4C09-90AE-BB2DD90A29D2} = {E532BE19-BEA2-4764-95DC-2172EB40890C}
		{D57B4D9F-C756-4E84-951D-2D56EDE879A7} = {1CD019B1-6628-4F9D-BE13-AA15FA2AD934}
		{0CA433EB-B30D-4A93-8401-EC2C8A5BE104} = {1CD019B1-6628-4F9D-BE13-AA15FA2AD934}
		{04799DD3-720C-4707-947F-C35FEB76F557} = {D4D349EF-58D4-4E04-88A2-35FFA5D2EABC}
		{B115C56C-759C-4FE8-B30A-B5550F650228} = {19D29F78-F7F0-4D00-8791-9EDF91AE03A6}
		{FA8A60FB-8C81-4682-8051-5777C41C9AF6} = {19D29F78-F7F0-4D00-8791-9EDF91AE03A6}
		{1C42CD6A-A00C-47DC-A9CE-D95B5EEE825F} = {19D29F78-F7F0-4D00-8791-9EDF91AE03A6}
		{F452E0A6-FCB3-4519-9F1B-F4E60F7081EB} = {19D29F78-F7F0-4D00-8791-9EDF91AE03A6}
		{D5C30626-89A6-4428-B0F6-835D6C459AD7} = {E532BE19-BEA2-4764-95DC-2172EB40890C}
		{D6A558C4-161E-4383-9CBC-2C71C8BE2F09} = {1CD019B1-6628-4F9D-BE13-AA15FA2AD934}
		{B75E5CCA-8FF6-4849-BE1B-CF5D0D054965} = {E532BE19-BEA2-4764-95DC-2172EB40890C}
		{23ACD08E-F202-414A-9DE9-55F556F2A671} = {E532BE19-BEA2-4764-95DC-2172EB40890C}
		{F7979955-B965-4E9D-80D6-7FCA99FBA043} = {E532BE19-BEA2-4764-95DC-2172EB40890C}
		{FFA3E48E-88AB-4C6D-AD62-182CC77A72C4} = {E532BE19-BEA2-4764-95DC-2172EB40890C}
		{21337B8E-DBF4-4375-B506-990CF31AECB8} = {19D29F78-F7F0-4D00-8791-9EDF91AE03A6}
		{D903D0AA-30E8-4741-BD96-128071AF42E8} = {19D29F78-F7F0-4D00-8791-9EDF91AE03A6}
		{82B4645F-F6F1-42DC-8CD6-0C894FEA05F1} = {19D29F78-F7F0-4D00-8791-9EDF91AE03A6}
		{9BBB49AD-ACC6-4041-AEA2-A30675D53093} = {19D29F78-F7F0-4D00-8791-9EDF91AE03A6}
		{E801EA30-D17D-4145-8C04-719EAADE37F8} = {9BBB49AD-ACC6-4041-AEA2-A30675D53093}
		{6B5D1F5B-2E69-4C98-B615-DE74500B0242} = {9BBB49AD-ACC6-4041-AEA2-A30675D53093}
		{D4B00EDD-8255-4049-8913-75F280C9D970} = {9BBB49AD-ACC6-4041-AEA2-A30675D53093}
		{8E6068F0-351D-4501-A376-3EE0895D1580} = {9BBB49AD-ACC6-4041-AEA2-A30675D53093}
		{D5EFEE48-5A66-437D-9B6E-59BBE2113F90} = {9BBB49AD-ACC6-4041-AEA2-A30675D53093}
		{AE4A2573-F7D0-4C64-85B9-A6575D423890} = {9BBB49AD-ACC6-4041-AEA2-A30675D53093}
		{63EC6ECC-95CB-4807-8E54-473D458FCD37} = {9BBB49AD-ACC6-4041-AEA2-A30675D53093}
		{1CEBFE67-8975-4A35-B1D8-472BFE3ADF64} = {9BBB49AD-ACC6-4041-AEA2-A30675D53093}
		{B797CD5F-E7A5-4E75-BD6B-4B87FFF79A4A} = {9BBB49AD-ACC6-4041-AEA2-A30675D53093}
		{60F31B9B-D754-4990-8301-BC6354454830} = {7F7462F2-52A7-4991-A5E1-C26346D17662}
		{05DBDDD1-A8A5-4D09-9025-AA655FC00CC3} = {7F7462F2-52A7-4991-A5E1-C26346D17662}
		{2B047386-B574-48A7-9306-39FF6A20E868} = {7F7462F2-52A7-4991-A5E1-C26346D17662}
		{4994BA45-2518-47AB-9C2D-876C11EB7359} = {7F7462F2-52A7-4991-A5E1-C26346D17662}
		{11075948-A8E2-466F-8119-34C79069B138} = {4994BA45-2518-47AB-9C2D-876C11EB7359}
		{179DA1D7-BCAD-4EF3-AD16-BF15051DEF77} = {4994BA45-2518-47AB-9C2D-876C11EB7359}
		{3DF2780F-E04F-46F9-BF70-28EC873ECDA2} = {4994BA45-2518-47AB-9C2D-876C11EB7359}
		{199D6A54-D84B-48D8-AAC6-096EED044D90} = {4994BA45-2518-47AB-9C2D-876C11EB7359}
		{1630EA89-8912-484B-A5C0-B14DF7B3D3EB} = {4994BA45-2518-47AB-9C2D-876C11EB7359}
		{D7DF037D-7DDA-4388-8178-FB3167889EB3} = {4994BA45-2518-47AB-9C2D-876C11EB7359}
		{75E3392D-CFE7-496E-85AC-85AF8EB9A8A6} = {4994BA45-2518-47AB-9C2D-876C11EB7359}
		{B1BA94B3-D444-4A37-BFF3-7F78BF9A63F7} = {4994BA45-2518-47AB-9C2D-876C11EB7359}
		{B9D9D43B-4571-426E-BA0F-E6DFDF2A2072} = {4994BA45-2518-47AB-9C2D-876C11EB7359}
		{83A4FBBD-6870-4E77-AE71-33DA8EB01DD9} = {4994BA45-2518-47AB-9C2D-876C11EB7359}
		{80B447CD-E124-4A9A-89BE-26821A8619D3} = {4994BA45-2518-47AB-9C2D-876C11EB7359}
		{EFBCBF7F-75A9-4CEC-81BB-E5392D2201B8} = {4994BA45-2518-47AB-9C2D-876C11EB7359}
		{6992C7CF-098F-4BF5-B9DF-ED9DE65B84EA} = {4994BA45-2518-47AB-9C2D-876C11EB7359}
		{FBDCC88D-A851-47D9-AAC9-F404770C2525} = {4994BA45-2518-47AB-9C2D-876C11EB7359}
		{56C046BD-24E2-401A-890D-D3CB806AAED1} = {4994BA45-2518-47AB-9C2D-876C11EB7359}
		{877A7DF8-0F87-49BB-862E-D0D667B9BAED} = {4994BA45-2518-47AB-9C2D-876C11EB7359}
		{9EC29FE6-2C90-4E6F-91C5-5AD03060C3BD} = {4994BA45-2518-47AB-9C2D-876C11EB7359}
		{89E5CC0D-71A6-4235-BC8C-B1DA07402C3A} = {4994BA45-2518-47AB-9C2D-876C11EB7359}
		{22A132EF-2A91-498A-9BAE-FAAA663A4BAE} = {4994BA45-2518-47AB-9C2D-876C11EB7359}
		{75062A1C-171C-4F45-8AFB-AC2A9EC17239} = {4994BA45-2518-47AB-9C2D-876C11EB7359}
		{4C987405-3382-44C5-8295-6F03C01846E1} = {ED1F7A7B-32EF-42E3-803C-2E6A85C3A156}
		{21612C4A-CA81-4310-9C46-271E89B33F43} = {ED1F7A7B-32EF-42E3-803C-2E6A85C3A156}
		{1C6A5D39-AC4D-44E8-B4EF-34787108CFCE} = {ED1F7A7B-32EF-42E3-803C-2E6A85C3A156}
		{B53C5011-000F-4CEC-8D65-37D556FBD5C9} = {4C987405-3382-44C5-8295-6F03C01846E1}
		{11304C7F-58A5-407E-990A-91D380776034} = {4C987405-3382-44C5-8295-6F03C01846E1}
		{C30E16DF-A26B-44B3-9CD5-E782AD5399E2} = {4C987405-3382-44C5-8295-6F03C01846E1}
		{E773BAFA-7915-42E5-8BCF-3F2F90347FC2} = {93538832-09D3-4912-BE7B-620DDB36BDE1}
		{50A3F449-EC22-48FF-ADC0-5A00FF0D75EF} = {E773BAFA-7915-42E5-8BCF-3F2F90347FC2}
		{33AC0CCE-DFD3-414D-8BD8-86926C866648} = {E773BAFA-7915-42E5-8BCF-3F2F90347FC2}
		{374208FA-9935-4A9B-BD9F-EE9BC31B8869} = {E773BAFA-7915-42E5-8BCF-3F2F90347FC2}
		{09FA5EC0-6EE5-480F-8302-29CB23C477E2} = {E773BAFA-7915-42E5-8BCF-3F2F90347FC2}
		{1455EA9C-625E-453B-9E1A-1F4D35CA4500} = {E773BAFA-7915-42E5-8BCF-3F2F90347FC2}
		{8A30A269-F440-43B4-973B-43FDF1DCBA22} = {E773BAFA-7915-42E5-8BCF-3F2F90347FC2}
		{76A77F40-B976-412F-ABCC-C0439BA1AA46} = {E773BAFA-7915-42E5-8BCF-3F2F90347FC2}
		{CCB8EBA5-448D-4A22-932A-821FB3B5A9C9} = {E773BAFA-7915-42E5-8BCF-3F2F90347FC2}
		{F5BC2EEA-058D-48C6-ABCA-AC03329667CC} = {E773BAFA-7915-42E5-8BCF-3F2F90347FC2}
		{7118A29B-50BA-4CB2-9988-7E4D0555A250} = {E773BAFA-7915-42E5-8BCF-3F2F90347FC2}
		{6D6CB5A0-A615-4FA5-B703-C3BA7A94D915} = {E773BAFA-7915-42E5-8BCF-3F2F90347FC2}
		{83D71946-9B44-46E2-821C-9A5C74517E71} = {93538832-09D3-4912-BE7B-620DDB36BDE1}
		{FC5A32CE-D1F5-4752-B1B4-EC1D2E44DFD9} = {ED1F7A7B-32EF-42E3-803C-2E6A85C3A156}
		{220BBFE6-D2FD-4B78-AA42-33D812A02EE5} = {4994BA45-2518-47AB-9C2D-876C11EB7359}
		{127E1D4F-BA6A-4FDD-883A-25C20A37CD2C} = {EC81F887-A677-492C-BADC-B0CB50557EF4}
		{0843862C-C768-4203-835E-3E5DC7109321} = {127E1D4F-BA6A-4FDD-883A-25C20A37CD2C}
		{C583A370-4108-4AF7-AED7-FCC340DD1C2B} = {127E1D4F-BA6A-4FDD-883A-25C20A37CD2C}
		{451D98C4-5D62-4F7A-A2F0-A386A3AC057A} = {EC81F887-A677-492C-BADC-B0CB50557EF4}
		{99D30BC7-38A0-4642-AAEA-F02657D9CF2C} = {EC81F887-A677-492C-BADC-B0CB50557EF4}
		{E7828ED7-38E9-4D1F-802A-9805CCA71697} = {EC81F887-A677-492C-BADC-B0CB50557EF4}
		{987CBF00-31A9-4B37-9EFB-BC548739971A} = {127E1D4F-BA6A-4FDD-883A-25C20A37CD2C}
		{ACA67F50-1969-4E97-B0A3-205404ED6E74} = {127E1D4F-BA6A-4FDD-883A-25C20A37CD2C}
	EndGlobalSection
	GlobalSection(ExtensibilityGlobals) = postSolution
		SolutionGuid = {93C94912-EA66-4042-8553-555F37B57408}
	EndGlobalSection
EndGlobal
